
Microsoft Visual Studio Solution File, Format Version 12.00
# Visual Studio Version 16
VisualStudioVersion = 16.0.29806.167
MinimumVisualStudioVersion = 10.0.40219.1
Project("{2150E333-8FDC-42A3-9474-1A3956D46DE8}") = "Tests", "Tests", "{B34B66C7-7A6A-4AAD-935C-7B44462FBF23}"
EndProject
Project("{9A19103F-16F7-4668-BE54-9A1E7A4F7556}") = "Cloudtoid.UrlPattern", "src\Cloudtoid.UrlPattern\Cloudtoid.UrlPattern.csproj", "{072C2E73-84EA-45C1-B571-82C2E2E3B722}"
EndProject
Project("{9A19103F-16F7-4668-BE54-9A1E7A4F7556}") = "Cloudtoid.UrlPattern.UnitTests", "tests\Cloudtoid.UrlPattern.UnitTests\Cloudtoid.UrlPattern.UnitTests.csproj", "{FD4E435E-478F-46DA-8686-9C15B12C9516}"
EndProject
Global
	GlobalSection(SolutionConfigurationPlatforms) = preSolution
		Debug|Any CPU = Debug|Any CPU
		Release|Any CPU = Release|Any CPU
	EndGlobalSection
	GlobalSection(ProjectConfigurationPlatforms) = postSolution
		{072C2E73-84EA-45C1-B571-82C2E2E3B722}.Debug|Any CPU.ActiveCfg = Debug|Any CPU
		{072C2E73-84EA-45C1-B571-82C2E2E3B722}.Debug|Any CPU.Build.0 = Debug|Any CPU
		{072C2E73-84EA-45C1-B571-82C2E2E3B722}.Release|Any CPU.ActiveCfg = Release|Any CPU
		{072C2E73-84EA-45C1-B571-82C2E2E3B722}.Release|Any CPU.Build.0 = Release|Any CPU
		{FD4E435E-478F-46DA-8686-9C15B12C9516}.Debug|Any CPU.ActiveCfg = Debug|Any CPU
		{FD4E435E-478F-46DA-8686-9C15B12C9516}.Debug|Any CPU.Build.0 = Debug|Any CPU
		{FD4E435E-478F-46DA-8686-9C15B12C9516}.Release|Any CPU.ActiveCfg = Release|Any CPU
		{FD4E435E-478F-46DA-8686-9C15B12C9516}.Release|Any CPU.Build.0 = Release|Any CPU
	EndGlobalSection
	GlobalSection(SolutionProperties) = preSolution
		HideSolutionNode = FALSE
	EndGlobalSection
	GlobalSection(NestedProjects) = preSolution
		{FD4E435E-478F-46DA-8686-9C15B12C9516} = {B34B66C7-7A6A-4AAD-935C-7B44462FBF23}
	EndGlobalSection
	GlobalSection(ExtensibilityGlobals) = postSolution
		SolutionGuid = {0C13DFE5-70DB-4B4D-9144-0E5231A28B5F}
	EndGlobalSection
EndGlobal
